// !$*UTF8*$!
{
	archiveVersion = 1;
	classes = {
	};
	objectVersion = 56;
	objects = {

/* Begin PBXBuildFile section */
		422E61BC28C4786D00D1D6C8 /* SharpImageView.swift in Sources */ = {isa = PBXBuildFile; fileRef = 422E61BB28C4786D00D1D6C8 /* SharpImageView.swift */; };
		422E61BE28C4805200D1D6C8 /* InterestViewController.swift in Sources */ = {isa = PBXBuildFile; fileRef = 422E61BD28C4805200D1D6C8 /* InterestViewController.swift */; };
		422E61C028C4938A00D1D6C8 /* InterestCollectionViewCell.swift in Sources */ = {isa = PBXBuildFile; fileRef = 422E61BF28C4938A00D1D6C8 /* InterestCollectionViewCell.swift */; };
		42792DB528C2ECC700AD5888 /* AppDelegate.swift in Sources */ = {isa = PBXBuildFile; fileRef = 42792DB428C2ECC700AD5888 /* AppDelegate.swift */; };
		42792DB728C2ECC700AD5888 /* SceneDelegate.swift in Sources */ = {isa = PBXBuildFile; fileRef = 42792DB628C2ECC700AD5888 /* SceneDelegate.swift */; };
		42792DB928C2ECC700AD5888 /* ViewController.swift in Sources */ = {isa = PBXBuildFile; fileRef = 42792DB828C2ECC700AD5888 /* ViewController.swift */; };
		42792DBC28C2ECC700AD5888 /* Main.storyboard in Resources */ = {isa = PBXBuildFile; fileRef = 42792DBA28C2ECC700AD5888 /* Main.storyboard */; };
		42792DBE28C2ECC800AD5888 /* Assets.xcassets in Resources */ = {isa = PBXBuildFile; fileRef = 42792DBD28C2ECC800AD5888 /* Assets.xcassets */; };
		42792DC128C2ECC800AD5888 /* LaunchScreen.storyboard in Resources */ = {isa = PBXBuildFile; fileRef = 42792DBF28C2ECC800AD5888 /* LaunchScreen.storyboard */; };
		42792DCB28C2F30F00AD5888 /* IntroductionViewController.swift in Sources */ = {isa = PBXBuildFile; fileRef = 42792DCA28C2F30F00AD5888 /* IntroductionViewController.swift */; };
		429A1BDD28C5DA000090BD4F /* InterestModel.swift in Sources */ = {isa = PBXBuildFile; fileRef = 429A1BDC28C5DA000090BD4F /* InterestModel.swift */; };
/* End PBXBuildFile section */

/* Begin PBXFileReference section */
		422E61BB28C4786D00D1D6C8 /* SharpImageView.swift */ = {isa = PBXFileReference; lastKnownFileType = sourcecode.swift; path = SharpImageView.swift; sourceTree = "<group>"; };
		422E61BD28C4805200D1D6C8 /* InterestViewController.swift */ = {isa = PBXFileReference; lastKnownFileType = sourcecode.swift; path = InterestViewController.swift; sourceTree = "<group>"; };
		422E61BF28C4938A00D1D6C8 /* InterestCollectionViewCell.swift */ = {isa = PBXFileReference; lastKnownFileType = sourcecode.swift; path = InterestCollectionViewCell.swift; sourceTree = "<group>"; };
		42792DB128C2ECC700AD5888 /* SelfIntroduction.app */ = {isa = PBXFileReference; explicitFileType = wrapper.application; includeInIndex = 0; path = SelfIntroduction.app; sourceTree = BUILT_PRODUCTS_DIR; };
		42792DB428C2ECC700AD5888 /* AppDelegate.swift */ = {isa = PBXFileReference; lastKnownFileType = sourcecode.swift; path = AppDelegate.swift; sourceTree = "<group>"; };
		42792DB628C2ECC700AD5888 /* SceneDelegate.swift */ = {isa = PBXFileReference; lastKnownFileType = sourcecode.swift; path = SceneDelegate.swift; sourceTree = "<group>"; };
		42792DB828C2ECC700AD5888 /* ViewController.swift */ = {isa = PBXFileReference; lastKnownFileType = sourcecode.swift; path = ViewController.swift; sourceTree = "<group>"; };
		42792DBB28C2ECC700AD5888 /* Base */ = {isa = PBXFileReference; lastKnownFileType = file.storyboard; name = Base; path = Base.lproj/Main.storyboard; sourceTree = "<group>"; };
		42792DBD28C2ECC800AD5888 /* Assets.xcassets */ = {isa = PBXFileReference; lastKnownFileType = folder.assetcatalog; path = Assets.xcassets; sourceTree = "<group>"; };
		42792DC028C2ECC800AD5888 /* Base */ = {isa = PBXFileReference; lastKnownFileType = file.storyboard; name = Base; path = Base.lproj/LaunchScreen.storyboard; sourceTree = "<group>"; };
		42792DC228C2ECC800AD5888 /* Info.plist */ = {isa = PBXFileReference; lastKnownFileType = text.plist.xml; path = Info.plist; sourceTree = "<group>"; };
		42792DCA28C2F30F00AD5888 /* IntroductionViewController.swift */ = {isa = PBXFileReference; lastKnownFileType = sourcecode.swift; path = IntroductionViewController.swift; sourceTree = "<group>"; };
		429A1BDC28C5DA000090BD4F /* InterestModel.swift */ = {isa = PBXFileReference; lastKnownFileType = sourcecode.swift; path = InterestModel.swift; sourceTree = "<group>"; };
/* End PBXFileReference section */

/* Begin PBXFrameworksBuildPhase section */
		42792DAE28C2ECC700AD5888 /* Frameworks */ = {
			isa = PBXFrameworksBuildPhase;
			buildActionMask = 2147483647;
			files = (
			);
			runOnlyForDeploymentPostprocessing = 0;
		};
/* End PBXFrameworksBuildPhase section */

/* Begin PBXGroup section */
		42792DA828C2ECC700AD5888 = {
			isa = PBXGroup;
			children = (
				429A1BDB28C5D9D80090BD4F /* View */,
				429A1BDA28C5D3310090BD4F /* Model */,
				42792DB328C2ECC700AD5888 /* SelfIntroduction */,
				42792DB228C2ECC700AD5888 /* Products */,
			);
			sourceTree = "<group>";
		};
		42792DB228C2ECC700AD5888 /* Products */ = {
			isa = PBXGroup;
			children = (
				42792DB128C2ECC700AD5888 /* SelfIntroduction.app */,
			);
			name = Products;
			sourceTree = "<group>";
		};
		42792DB328C2ECC700AD5888 /* SelfIntroduction */ = {
			isa = PBXGroup;
			children = (
				42792DB428C2ECC700AD5888 /* AppDelegate.swift */,
				42792DB628C2ECC700AD5888 /* SceneDelegate.swift */,
				42792DB828C2ECC700AD5888 /* ViewController.swift */,
				42792DBA28C2ECC700AD5888 /* Main.storyboard */,
				422E61BB28C4786D00D1D6C8 /* SharpImageView.swift */,
				42792DCA28C2F30F00AD5888 /* IntroductionViewController.swift */,
				422E61BD28C4805200D1D6C8 /* InterestViewController.swift */,
				42792DBD28C2ECC800AD5888 /* Assets.xcassets */,
				42792DBF28C2ECC800AD5888 /* LaunchScreen.storyboard */,
				42792DC228C2ECC800AD5888 /* Info.plist */,
			);
			path = SelfIntroduction;
			sourceTree = "<group>";
		};
		429A1BDA28C5D3310090BD4F /* Model */ = {
			isa = PBXGroup;
			children = (
				429A1BDC28C5DA000090BD4F /* InterestModel.swift */,
			);
			path = Model;
			sourceTree = "<group>";
		};
		429A1BDB28C5D9D80090BD4F /* View */ = {
			isa = PBXGroup;
			children = (
				422E61BF28C4938A00D1D6C8 /* InterestCollectionViewCell.swift */,
			);
			path = View;
			sourceTree = "<group>";
		};
/* End PBXGroup section */

/* Begin PBXNativeTarget section */
		42792DB028C2ECC700AD5888 /* SelfIntroduction */ = {
			isa = PBXNativeTarget;
			buildConfigurationList = 42792DC528C2ECC800AD5888 /* Build configuration list for PBXNativeTarget "SelfIntroduction" */;
			buildPhases = (
				42792DAD28C2ECC700AD5888 /* Sources */,
				42792DAE28C2ECC700AD5888 /* Frameworks */,
				42792DAF28C2ECC700AD5888 /* Resources */,
			);
			buildRules = (
			);
			dependencies = (
			);
			name = SelfIntroduction;
			productName = SelfIntroduction;
			productReference = 42792DB128C2ECC700AD5888 /* SelfIntroduction.app */;
			productType = "com.apple.product-type.application";
		};
/* End PBXNativeTarget section */

/* Begin PBXProject section */
		42792DA928C2ECC700AD5888 /* Project object */ = {
			isa = PBXProject;
			attributes = {
				BuildIndependentTargetsInParallel = 1;
				LastSwiftUpdateCheck = 1400;
				LastUpgradeCheck = 1400;
				TargetAttributes = {
					42792DB028C2ECC700AD5888 = {
						CreatedOnToolsVersion = 14.0;
					};
				};
			};
			buildConfigurationList = 42792DAC28C2ECC700AD5888 /* Build configuration list for PBXProject "SelfIntroduction" */;
			compatibilityVersion = "Xcode 14.0";
			developmentRegion = en;
			hasScannedForEncodings = 0;
			knownRegions = (
				en,
				Base,
			);
			mainGroup = 42792DA828C2ECC700AD5888;
			productRefGroup = 42792DB228C2ECC700AD5888 /* Products */;
			projectDirPath = "";
			projectRoot = "";
			targets = (
				42792DB028C2ECC700AD5888 /* SelfIntroduction */,
			);
		};
/* End PBXProject section */

/* Begin PBXResourcesBuildPhase section */
		42792DAF28C2ECC700AD5888 /* Resources */ = {
			isa = PBXResourcesBuildPhase;
			buildActionMask = 2147483647;
			files = (
				42792DC128C2ECC800AD5888 /* LaunchScreen.storyboard in Resources */,
				42792DBE28C2ECC800AD5888 /* Assets.xcassets in Resources */,
				42792DBC28C2ECC700AD5888 /* Main.storyboard in Resources */,
			);
			runOnlyForDeploymentPostprocessing = 0;
		};
/* End PBXResourcesBuildPhase section */

/* Begin PBXSourcesBuildPhase section */
		42792DAD28C2ECC700AD5888 /* Sources */ = {
			isa = PBXSourcesBuildPhase;
			buildActionMask = 2147483647;
			files = (
				422E61BE28C4805200D1D6C8 /* InterestViewController.swift in Sources */,
				422E61C028C4938A00D1D6C8 /* InterestCollectionViewCell.swift in Sources */,
				42792DCB28C2F30F00AD5888 /* IntroductionViewController.swift in Sources */,
				42792DB928C2ECC700AD5888 /* ViewController.swift in Sources */,
				422E61BC28C4786D00D1D6C8 /* SharpImageView.swift in Sources */,
				429A1BDD28C5DA000090BD4F /* InterestModel.swift in Sources */,
				42792DB528C2ECC700AD5888 /* AppDelegate.swift in Sources */,
				42792DB728C2ECC700AD5888 /* SceneDelegate.swift in Sources */,
			);
			runOnlyForDeploymentPostprocessing = 0;
		};
/* End PBXSourcesBuildPhase section */

/* Begin PBXVariantGroup section */
		42792DBA28C2ECC700AD5888 /* Main.storyboard */ = {
			isa = PBXVariantGroup;
			children = (
				42792DBB28C2ECC700AD5888 /* Base */,
			);
			name = Main.storyboard;
			sourceTree = "<group>";
		};
		42792DBF28C2ECC800AD5888 /* LaunchScreen.storyboard */ = {
			isa = PBXVariantGroup;
			children = (
				42792DC028C2ECC800AD5888 /* Base */,
			);
			name = LaunchScreen.storyboard;
			sourceTree = "<group>";
		};
/* End PBXVariantGroup section */

/* Begin XCBuildConfiguration section */
		42792DC328C2ECC800AD5888 /* Debug */ = {
			isa = XCBuildConfiguration;
			buildSettings = {
				ALWAYS_SEARCH_USER_PATHS = NO;
				CLANG_ANALYZER_NONNULL = YES;
				CLANG_ANALYZER_NUMBER_OBJECT_CONVERSION = YES_AGGRESSIVE;
				CLANG_CXX_LANGUAGE_STANDARD = "gnu++20";
				CLANG_ENABLE_MODULES = YES;
				CLANG_ENABLE_OBJC_ARC = YES;
				CLANG_ENABLE_OBJC_WEAK = YES;
				CLANG_WARN_BLOCK_CAPTURE_AUTORELEASING = YES;
				CLANG_WARN_BOOL_CONVERSION = YES;
				CLANG_WARN_COMMA = YES;
				CLANG_WARN_CONSTANT_CONVERSION = YES;
				CLANG_WARN_DEPRECATED_OBJC_IMPLEMENTATIONS = YES;
				CLANG_WARN_DIRECT_OBJC_ISA_USAGE = YES_ERROR;
				CLANG_WARN_DOCUMENTATION_COMMENTS = YES;
				CLANG_WARN_EMPTY_BODY = YES;
				CLANG_WARN_ENUM_CONVERSION = YES;
				CLANG_WARN_INFINITE_RECURSION = YES;
				CLANG_WARN_INT_CONVERSION = YES;
				CLANG_WARN_NON_LITERAL_NULL_CONVERSION = YES;
				CLANG_WARN_OBJC_IMPLICIT_RETAIN_SELF = YES;
				CLANG_WARN_OBJC_LITERAL_CONVERSION = YES;
				CLANG_WARN_OBJC_ROOT_CLASS = YES_ERROR;
				CLANG_WARN_QUOTED_INCLUDE_IN_FRAMEWORK_HEADER = YES;
				CLANG_WARN_RANGE_LOOP_ANALYSIS = YES;
				CLANG_WARN_STRICT_PROTOTYPES = YES;
				CLANG_WARN_SUSPICIOUS_MOVE = YES;
				CLANG_WARN_UNGUARDED_AVAILABILITY = YES_AGGRESSIVE;
				CLANG_WARN_UNREACHABLE_CODE = YES;
				CLANG_WARN__DUPLICATE_METHOD_MATCH = YES;
				COPY_PHASE_STRIP = NO;
				DEBUG_INFORMATION_FORMAT = dwarf;
				ENABLE_STRICT_OBJC_MSGSEND = YES;
				ENABLE_TESTABILITY = YES;
				GCC_C_LANGUAGE_STANDARD = gnu11;
				GCC_DYNAMIC_NO_PIC = NO;
				GCC_NO_COMMON_BLOCKS = YES;
				GCC_OPTIMIZATION_LEVEL = 0;
				GCC_PREPROCESSOR_DEFINITIONS = (
					"DEBUG=1",
					"$(inherited)",
				);
				GCC_WARN_64_TO_32_BIT_CONVERSION = YES;
				GCC_WARN_ABOUT_RETURN_TYPE = YES_ERROR;
				GCC_WARN_UNDECLARED_SELECTOR = YES;
				GCC_WARN_UNINITIALIZED_AUTOS = YES_AGGRESSIVE;
				GCC_WARN_UNUSED_FUNCTION = YES;
				GCC_WARN_UNUSED_VARIABLE = YES;
				IPHONEOS_DEPLOYMENT_TARGET = 16.0;
				MTL_ENABLE_DEBUG_INFO = INCLUDE_SOURCE;
				MTL_FAST_MATH = YES;
				ONLY_ACTIVE_ARCH = YES;
				SDKROOT = iphoneos;
				SWIFT_ACTIVE_COMPILATION_CONDITIONS = DEBUG;
				SWIFT_OPTIMIZATION_LEVEL = "-Onone";
			};
			name = Debug;
		};
		42792DC428C2ECC800AD5888 /* Release */ = {
			isa = XCBuildConfiguration;
			buildSettings = {
				ALWAYS_SEARCH_USER_PATHS = NO;
				CLANG_ANALYZER_NONNULL = YES;
				CLANG_ANALYZER_NUMBER_OBJECT_CONVERSION = YES_AGGRESSIVE;
				CLANG_CXX_LANGUAGE_STANDARD = "gnu++20";
				CLANG_ENABLE_MODULES = YES;
				CLANG_ENABLE_OBJC_ARC = YES;
				CLANG_ENABLE_OBJC_WEAK = YES;
				CLANG_WARN_BLOCK_CAPTURE_AUTORELEASING = YES;
				CLANG_WARN_BOOL_CONVERSION = YES;
				CLANG_WARN_COMMA = YES;
				CLANG_WARN_CONSTANT_CONVERSION = YES;
				CLANG_WARN_DEPRECATED_OBJC_IMPLEMENTATIONS = YES;
				CLANG_WARN_DIRECT_OBJC_ISA_USAGE = YES_ERROR;
				CLANG_WARN_DOCUMENTATION_COMMENTS = YES;
				CLANG_WARN_EMPTY_BODY = YES;
				CLANG_WARN_ENUM_CONVERSION = YES;
				CLANG_WARN_INFINITE_RECURSION = YES;
				CLANG_WARN_INT_CONVERSION = YES;
				CLANG_WARN_NON_LITERAL_NULL_CONVERSION = YES;
				CLANG_WARN_OBJC_IMPLICIT_RETAIN_SELF = YES;
				CLANG_WARN_OBJC_LITERAL_CONVERSION = YES;
				CLANG_WARN_OBJC_ROOT_CLASS = YES_ERROR;
				CLANG_WARN_QUOTED_INCLUDE_IN_FRAMEWORK_HEADER = YES;
				CLANG_WARN_RANGE_LOOP_ANALYSIS = YES;
				CLANG_WARN_STRICT_PROTOTYPES = YES;
				CLANG_WARN_SUSPICIOUS_MOVE = YES;
				CLANG_WARN_UNGUARDED_AVAILABILITY = YES_AGGRESSIVE;
				CLANG_WARN_UNREACHABLE_CODE = YES;
				CLANG_WARN__DUPLICATE_METHOD_MATCH = YES;
				COPY_PHASE_STRIP = NO;
				DEBUG_INFORMATION_FORMAT = "dwarf-with-dsym";
				ENABLE_NS_ASSERTIONS = NO;
				ENABLE_STRICT_OBJC_MSGSEND = YES;
				GCC_C_LANGUAGE_STANDARD = gnu11;
				GCC_NO_COMMON_BLOCKS = YES;
				GCC_WARN_64_TO_32_BIT_CONVERSION = YES;
				GCC_WARN_ABOUT_RETURN_TYPE = YES_ERROR;
				GCC_WARN_UNDECLARED_SELECTOR = YES;
				GCC_WARN_UNINITIALIZED_AUTOS = YES_AGGRESSIVE;
				GCC_WARN_UNUSED_FUNCTION = YES;
				GCC_WARN_UNUSED_VARIABLE = YES;
				IPHONEOS_DEPLOYMENT_TARGET = 16.0;
				MTL_ENABLE_DEBUG_INFO = NO;
				MTL_FAST_MATH = YES;
				SDKROOT = iphoneos;
				SWIFT_COMPILATION_MODE = wholemodule;
				SWIFT_OPTIMIZATION_LEVEL = "-O";
				VALIDATE_PRODUCT = YES;
			};
			name = Release;
		};
		42792DC628C2ECC800AD5888 /* Debug */ = {
			isa = XCBuildConfiguration;
			buildSettings = {
				ASSETCATALOG_COMPILER_APPICON_NAME = AppIcon;
				ASSETCATALOG_COMPILER_GLOBAL_ACCENT_COLOR_NAME = AccentColor;
				CODE_SIGN_STYLE = Automatic;
				CURRENT_PROJECT_VERSION = 1;
				GENERATE_INFOPLIST_FILE = YES;
				INFOPLIST_FILE = SelfIntroduction/Info.plist;
				INFOPLIST_KEY_UIApplicationSupportsIndirectInputEvents = YES;
				INFOPLIST_KEY_UILaunchStoryboardName = LaunchScreen;
				INFOPLIST_KEY_UIMainStoryboardFile = Main;
				INFOPLIST_KEY_UISupportedInterfaceOrientations_iPad = "UIInterfaceOrientationPortrait UIInterfaceOrientationPortraitUpsideDown UIInterfaceOrientationLandscapeLeft UIInterfaceOrientationLandscapeRight";
				INFOPLIST_KEY_UISupportedInterfaceOrientations_iPhone = "UIInterfaceOrientationPortrait UIInterfaceOrientationLandscapeLeft UIInterfaceOrientationLandscapeRight";
				LD_RUNPATH_SEARCH_PATHS = (
					"$(inherited)",
					"@executable_path/Frameworks",
				);
				MARKETING_VERSION = 1.0;
				PRODUCT_BUNDLE_IDENTIFIER = "croc0909-gmail.com.SelfIntroduction";
				PRODUCT_NAME = "$(TARGET_NAME)";
				SWIFT_EMIT_LOC_STRINGS = YES;
				SWIFT_VERSION = 5.0;
				TARGETED_DEVICE_FAMILY = "1,2";
			};
			name = Debug;
		};
		42792DC728C2ECC800AD5888 /* Release */ = {
			isa = XCBuildConfiguration;
			buildSettings = {
				ASSETCATALOG_COMPILER_APPICON_NAME = AppIcon;
				ASSETCATALOG_COMPILER_GLOBAL_ACCENT_COLOR_NAME = AccentColor;
				CODE_SIGN_STYLE = Automatic;
				CURRENT_PROJECT_VERSION = 1;
				GENERATE_INFOPLIST_FILE = YES;
				INFOPLIST_FILE = SelfIntroduction/Info.plist;
				INFOPLIST_KEY_UIApplicationSupportsIndirectInputEvents = YES;
				INFOPLIST_KEY_UILaunchStoryboardName = LaunchScreen;
				INFOPLIST_KEY_UIMainStoryboardFile = Main;
				INFOPLIST_KEY_UISupportedInterfaceOrientations_iPad = "UIInterfaceOrientationPortrait UIInterfaceOrientationPortraitUpsideDown UIInterfaceOrientationLandscapeLeft UIInterfaceOrientationLandscapeRight";
				INFOPLIST_KEY_UISupportedInterfaceOrientations_iPhone = "UIInterfaceOrientationPortrait UIInterfaceOrientationLandscapeLeft UIInterfaceOrientationLandscapeRight";
				LD_RUNPATH_SEARCH_PATHS = (
					"$(inherited)",
					"@executable_path/Frameworks",
				);
				MARKETING_VERSION = 1.0;
				PRODUCT_BUNDLE_IDENTIFIER = "croc0909-gmail.com.SelfIntroduction";
				PRODUCT_NAME = "$(TARGET_NAME)";
				SWIFT_EMIT_LOC_STRINGS = YES;
				SWIFT_VERSION = 5.0;
				TARGETED_DEVICE_FAMILY = "1,2";
			};
			name = Release;
		};
/* End XCBuildConfiguration section */

/* Begin XCConfigurationList section */
		42792DAC28C2ECC700AD5888 /* Build configuration list for PBXProject "SelfIntroduction" */ = {
			isa = XCConfigurationList;
			buildConfigurations = (
				42792DC328C2ECC800AD5888 /* Debug */,
				42792DC428C2ECC800AD5888 /* Release */,
			);
			defaultConfigurationIsVisible = 0;
			defaultConfigurationName = Release;
		};
		42792DC528C2ECC800AD5888 /* Build configuration list for PBXNativeTarget "SelfIntroduction" */ = {
			isa = XCConfigurationList;
			buildConfigurations = (
				42792DC628C2ECC800AD5888 /* Debug */,
				42792DC728C2ECC800AD5888 /* Release */,
			);
			defaultConfigurationIsVisible = 0;
			defaultConfigurationName = Release;
		};
/* End XCConfigurationList section */
	};
	rootObject = 42792DA928C2ECC700AD5888 /* Project object */;
}
